
Microsoft Visual Studio Solution File, Format Version 12.00
# Visual Studio Version 17
VisualStudioVersion = 17.1.31911.260
MinimumVisualStudioVersion = 10.0.40219.1
Project("{FAE04EC0-301F-11D3-BF4B-00C04F79EFBC}") = "uMeseger", "uMeseger.csproj", "{CBC074D6-FFE4-4DA7-96BB-BD1C62BCE83A}"
EndProject
Global
	GlobalSection(SolutionConfigurationPlatforms) = preSolution
		Debug|Any CPU = Debug|Any CPU
		Release|Any CPU = Release|Any CPU
	EndGlobalSection
	GlobalSection(ProjectConfigurationPlatforms) = postSolution
		{CBC074D6-FFE4-4DA7-96BB-BD1C62BCE83A}.Debug|Any CPU.ActiveCfg = Debug|Any CPU
		{CBC074D6-FFE4-4DA7-96BB-BD1C62BCE83A}.Debug|Any CPU.Build.0 = Debug|Any CPU
		{CBC074D6-FFE4-4DA7-96BB-BD1C62BCE83A}.Release|Any CPU.ActiveCfg = Release|Any CPU
		{CBC074D6-FFE4-4DA7-96BB-BD1C62BCE83A}.Release|Any CPU.Build.0 = Release|Any CPU
	EndGlobalSection
	GlobalSection(SolutionProperties) = preSolution
		HideSolutionNode = FALSE
	EndGlobalSection
	GlobalSection(ExtensibilityGlobals) = postSolution
		SolutionGuid = {FBDC0338-5312-420F-9019-A74B6A74D8FB}
	EndGlobalSection
EndGlobal
